
Microsoft Visual Studio Solution File, Format Version 12.00
# Visual Studio 15
VisualStudioVersion = 15.0.27130.2010
MinimumVisualStudioVersion = 10.0.40219.1
Project("{FAE04EC0-301F-11D3-BF4B-00C04F79EFBC}") = "LittleMingPlayer", "LittleMingPlayer\LittleMingPlayer.csproj", "{B647C494-D9EA-4A4C-A0B1-1E6450CCF6FD}"
EndProject
Project("{2150E333-8FDC-42A3-9474-1A3956D46DE8}") = "Solution Items", "Solution Items", "{87BC522D-B4C9-4BC2-A882-B053235F3B85}"
EndProject
Global
	GlobalSection(SolutionConfigurationPlatforms) = preSolution
		Debug|Any CPU = Debug|Any CPU
		Release|Any CPU = Release|Any CPU
	EndGlobalSection
	GlobalSection(ProjectConfigurationPlatforms) = postSolution
		{B647C494-D9EA-4A4C-A0B1-1E6450CCF6FD}.Debug|Any CPU.ActiveCfg = Debug|Any CPU
		{B647C494-D9EA-4A4C-A0B1-1E6450CCF6FD}.Debug|Any CPU.Build.0 = Debug|Any CPU
		{B647C494-D9EA-4A4C-A0B1-1E6450CCF6FD}.Release|Any CPU.ActiveCfg = Release|Any CPU
		{B647C494-D9EA-4A4C-A0B1-1E6450CCF6FD}.Release|Any CPU.Build.0 = Release|Any CPU
	EndGlobalSection
	GlobalSection(SolutionProperties) = preSolution
		HideSolutionNode = FALSE
	EndGlobalSection
	GlobalSection(ExtensibilityGlobals) = postSolution
		SolutionGuid = {585C2DCB-6250-4BD1-AA1C-D30D6FD6CE9B}
	EndGlobalSection
EndGlobal
